
Microsoft Visual Studio Solution File, Format Version 12.00
# Visual Studio 14
VisualStudioVersion = 14.0.25420.1
MinimumVisualStudioVersion = 10.0.40219.1
Project("{FAE04EC0-301F-11D3-BF4B-00C04F79EFBC}") = "ProgrammingAssignment3", "ProgrammingAssignment3\ProgrammingAssignment3.csproj", "{340545A7-77A9-45FA-97F6-4E8537D64861}"
EndProject
Global
	GlobalSection(SolutionConfigurationPlatforms) = preSolution
		Debug|x86 = Debug|x86
		Release|x86 = Release|x86
	EndGlobalSection
	GlobalSection(ProjectConfigurationPlatforms) = postSolution
		{340545A7-77A9-45FA-97F6-4E8537D64861}.Debug|x86.ActiveCfg = Debug|x86
		{340545A7-77A9-45FA-97F6-4E8537D64861}.Debug|x86.Build.0 = Debug|x86
		{340545A7-77A9-45FA-97F6-4E8537D64861}.Release|x86.ActiveCfg = Release|x86
		{340545A7-77A9-45FA-97F6-4E8537D64861}.Release|x86.Build.0 = Release|x86
	EndGlobalSection
	GlobalSection(SolutionProperties) = preSolution
		HideSolutionNode = FALSE
	EndGlobalSection
EndGlobal
